lockfileVersion: '9.0'

settings:
  autoInstallPeers: true
  excludeLinksFromLockfile: false

importers:

  .:
    dependencies:
      zenn-cli:
        specifier: ^0.2.1
        version: 0.2.1

packages:

  zenn-cli@0.2.1:
    resolution: {integrity: sha512-8ipbiIHOGIK1Gp1ifNi4rKY3+YohcXCrQCuz6w78OQ532WoU2xMiV0hFWRR/obmuPYwbiGWd/Xt/A4tYCaOHTA==}
    engines: {node: '>=14.0.0'}
    hasBin: true

snapshots:

  zenn-cli@0.2.1: {}
