lockfileVersion: '9.0'

settings:
  autoInstallPeers: true
  excludeLinksFromLockfile: false

importers:

  .:
    dependencies:
      zenn-cli:
        specifier: ^0.1.99
        version: 0.1.158

packages:

  zenn-cli@0.1.158:
    resolution: {integrity: sha512-bvQ96fK+9qw+SKxEmncg/rYU+1u0V6Bh+HuV8By+u4L+VZt/jn9hFyL+KWj/2ncSBDtcEBo6XLsCdNLxlUo+RA==}
    engines: {node: '>=14.0.0'}
    hasBin: true

snapshots:

  zenn-cli@0.1.158: {}
